
Microsoft Visual Studio Solution File, Format Version 12.00
# Visual Studio Version 17
VisualStudioVersion = 17.5.002.0
MinimumVisualStudioVersion = 10.0.40219.1
Project("{2150E333-8FDC-42A3-9474-1A3956D46DE8}") = "1_1", "1_1", "{41CA7BA4-1C0B-41F6-AB40-1B66BAADE44B}"
EndProject
Project("{9A19103F-16F7-4668-BE54-9A1E7A4F7556}") = "1_1", "1_1\1_1\1_1.csproj", "{629C4EF3-C813-4FF8-9F66-39C1E5045007}"
EndProject
Global
	GlobalSection(SolutionConfigurationPlatforms) = preSolution
		Debug|Any CPU = Debug|Any CPU
		Release|Any CPU = Release|Any CPU
	EndGlobalSection
	GlobalSection(ProjectConfigurationPlatforms) = postSolution
		{629C4EF3-C813-4FF8-9F66-39C1E5045007}.Debug|Any CPU.ActiveCfg = Debug|Any CPU
		{629C4EF3-C813-4FF8-9F66-39C1E5045007}.Debug|Any CPU.Build.0 = Debug|Any CPU
		{629C4EF3-C813-4FF8-9F66-39C1E5045007}.Release|Any CPU.ActiveCfg = Release|Any CPU
		{629C4EF3-C813-4FF8-9F66-39C1E5045007}.Release|Any CPU.Build.0 = Release|Any CPU
	EndGlobalSection
	GlobalSection(SolutionProperties) = preSolution
		HideSolutionNode = FALSE
	EndGlobalSection
	GlobalSection(NestedProjects) = preSolution
		{629C4EF3-C813-4FF8-9F66-39C1E5045007} = {41CA7BA4-1C0B-41F6-AB40-1B66BAADE44B}
	EndGlobalSection
	GlobalSection(ExtensibilityGlobals) = postSolution
		SolutionGuid = {6C1AB303-CCA4-486C-AD40-E93EAD503433}
	EndGlobalSection
EndGlobal
